# Run ./gradlew --write-locks to regenerate this file
com.carrotsearch.console:launcher:1.0.4 (1 constraints: 0705f435)
com.carrotsearch.progresso:progresso:1.7.0 (3 constraints: e939c2b2)
com.carrotsearch.progresso:progresso-consolewidth-unixish:1.7.0 (1 constraints: bb0e445b)
com.carrotsearch.progresso:progresso-log4j2:1.7.0 (1 constraints: bb0e445b)
com.google.guava:guava:18.0 (1 constraints: dd040931)
org.antlr:antlr4-runtime:4.7.1 (1 constraints: 0e051536)
org.apache.commons:commons-lang3:3.5 (1 constraints: d910c1b0)
org.apache.logging.log4j:log4j-api:2.12.0 (2 constraints: f11f3c82)
org.apache.logging.log4j:log4j-core:2.12.0 (3 constraints: ca32559f)
org.apache.logging.log4j:log4j-slf4j18-impl:2.12.0 (1 constraints: e80e256a)
org.apache.velocity:velocity-engine-core:2.0 (1 constraints: a6041d2c)
org.slf4j:slf4j-api:1.8.0-beta2 (4 constraints: 804e4a84)

[Test dependencies]
com.carrotsearch.randomizedtesting:randomizedtesting-runner:2.7.8 (1 constraints: 13051236)
com.github.marschall:memoryfilesystem:0.6.4 (1 constraints: 200bfed3)
junit:junit:4.12 (1 constraints: 6419368e)
org.assertj:assertj-core:2.0.0 (1 constraints: 0405f535)
org.hamcrest:hamcrest-core:1.3 (1 constraints: cc05fe3f)
