# Run ./gradlew --write-locks to regenerate this file
com.carrotsearch.console:launcher:1.0.6 (1 constraints: 0905f635)
com.carrotsearch.progresso:progresso:1.7.4 (3 constraints: f53976b5)
com.carrotsearch.progresso:progresso-consolewidth-unixish:1.7.4 (1 constraints: bf0e485b)
com.carrotsearch.progresso:progresso-log4j2:1.7.4 (1 constraints: bf0e485b)
org.antlr:antlr4-runtime:4.8 (1 constraints: b0042b2c)
org.apache.commons:commons-lang3:3.9 (1 constraints: dd10c5b0)
org.apache.logging.log4j:log4j-api:2.15.0 (2 constraints: f71fed82)
org.apache.logging.log4j:log4j-core:2.15.0 (3 constraints: d3324fa1)
org.apache.logging.log4j:log4j-slf4j18-impl:2.15.0 (1 constraints: eb0e2e6a)
org.apache.velocity:velocity-engine-core:2.2 (1 constraints: a8041f2c)
org.slf4j:slf4j-api:1.8.0-beta4 (4 constraints: 144e9e32)

[Test dependencies]
com.carrotsearch.randomizedtesting:randomizedtesting-runner:2.7.9 (1 constraints: 14051336)
com.koloboke:koloboke-api-jdk8:1.0.0 (2 constraints: 871d9d62)
com.koloboke:koloboke-impl-common-jdk8:1.0.0 (1 constraints: 690d3433)
com.koloboke:koloboke-impl-jdk8:1.0.0 (1 constraints: 0305f035)
it.unimi.dsi:fastutil:8.4.1 (1 constraints: 0f052036)
junit:junit:4.13.1 (1 constraints: c4198ec1)
net.sf.jopt-simple:jopt-simple:4.6 (1 constraints: 610a91b7)
org.apache.commons:commons-math3:3.2 (1 constraints: 5c0a8ab7)
org.assertj:assertj-core:3.21.0 (1 constraints: 38053c3b)
org.hamcrest:hamcrest-core:1.3 (1 constraints: cc05fe3f)
org.openjdk.jmh:jmh-core:1.24 (5 constraints: 3847a3da)
org.openjdk.jmh:jmh-generator-annprocess:1.24 (1 constraints: db04f730)
org.openjdk.jmh:jmh-generator-asm:1.24 (1 constraints: 28107098)
org.openjdk.jmh:jmh-generator-bytecode:1.24 (1 constraints: d804f430)
org.openjdk.jmh:jmh-generator-reflection:1.24 (2 constraints: 411e6e63)
org.ow2.asm:asm:5.0.3 (1 constraints: 490ea250)
